
Microsoft Visual Studio Solution File, Format Version 12.00
# Visual Studio 15
VisualStudioVersion = 15.0.28307.329
MinimumVisualStudioVersion = 10.0.40219.1
Project("{FAE04EC0-301F-11D3-BF4B-00C04F79EFBC}") = "Task1", "Task1\Task1.csproj", "{47E9A19E-B641-4964-87E0-18DD30245151}"
EndProject
Project("{FAE04EC0-301F-11D3-BF4B-00C04F79EFBC}") = "task2", "task2\task2.csproj", "{C741797F-D000-4D79-B872-2E3E947DF08C}"
EndProject
Project("{FAE04EC0-301F-11D3-BF4B-00C04F79EFBC}") = "task3", "task3\task3.csproj", "{893BB91C-0DAA-46E0-BBDC-CD3B6BC1B887}"
EndProject
Project("{FAE04EC0-301F-11D3-BF4B-00C04F79EFBC}") = "task4", "task4\task4.csproj", "{1C340CD8-7AA9-4966-862F-D8DA29C52F80}"
EndProject
Global
	GlobalSection(SolutionConfigurationPlatforms) = preSolution
		Debug|Any CPU = Debug|Any CPU
		Release|Any CPU = Release|Any CPU
	EndGlobalSection
	GlobalSection(ProjectConfigurationPlatforms) = postSolution
		{47E9A19E-B641-4964-87E0-18DD30245151}.Debug|Any CPU.ActiveCfg = Debug|Any CPU
		{47E9A19E-B641-4964-87E0-18DD30245151}.Debug|Any CPU.Build.0 = Debug|Any CPU
		{47E9A19E-B641-4964-87E0-18DD30245151}.Release|Any CPU.ActiveCfg = Release|Any CPU
		{47E9A19E-B641-4964-87E0-18DD30245151}.Release|Any CPU.Build.0 = Release|Any CPU
		{C741797F-D000-4D79-B872-2E3E947DF08C}.Debug|Any CPU.ActiveCfg = Debug|Any CPU
		{C741797F-D000-4D79-B872-2E3E947DF08C}.Debug|Any CPU.Build.0 = Debug|Any CPU
		{C741797F-D000-4D79-B872-2E3E947DF08C}.Release|Any CPU.ActiveCfg = Release|Any CPU
		{C741797F-D000-4D79-B872-2E3E947DF08C}.Release|Any CPU.Build.0 = Release|Any CPU
		{893BB91C-0DAA-46E0-BBDC-CD3B6BC1B887}.Debug|Any CPU.ActiveCfg = Debug|Any CPU
		{893BB91C-0DAA-46E0-BBDC-CD3B6BC1B887}.Debug|Any CPU.Build.0 = Debug|Any CPU
		{893BB91C-0DAA-46E0-BBDC-CD3B6BC1B887}.Release|Any CPU.ActiveCfg = Release|Any CPU
		{893BB91C-0DAA-46E0-BBDC-CD3B6BC1B887}.Release|Any CPU.Build.0 = Release|Any CPU
		{1C340CD8-7AA9-4966-862F-D8DA29C52F80}.Debug|Any CPU.ActiveCfg = Debug|Any CPU
		{1C340CD8-7AA9-4966-862F-D8DA29C52F80}.Debug|Any CPU.Build.0 = Debug|Any CPU
		{1C340CD8-7AA9-4966-862F-D8DA29C52F80}.Release|Any CPU.ActiveCfg = Release|Any CPU
		{1C340CD8-7AA9-4966-862F-D8DA29C52F80}.Release|Any CPU.Build.0 = Release|Any CPU
	EndGlobalSection
	GlobalSection(SolutionProperties) = preSolution
		HideSolutionNode = FALSE
	EndGlobalSection
	GlobalSection(ExtensibilityGlobals) = postSolution
		SolutionGuid = {DAAE9A30-B8ED-429C-8C3E-A10C3A97F61A}
	EndGlobalSection
EndGlobal
