
Microsoft Visual Studio Solution File, Format Version 12.00
# Visual Studio 15
VisualStudioVersion = 15.0.28307.329
MinimumVisualStudioVersion = 10.0.40219.1
Project("{FAE04EC0-301F-11D3-BF4B-00C04F79EFBC}") = "1", "1\1.csproj", "{20549902-36E1-4AEF-AE44-87F7E53EA7BE}"
EndProject
Project("{FAE04EC0-301F-11D3-BF4B-00C04F79EFBC}") = "2", "2\2.csproj", "{2D228CC3-AB70-4FB5-81B7-7AB5F803CF02}"
EndProject
Project("{FAE04EC0-301F-11D3-BF4B-00C04F79EFBC}") = "3", "3\3.csproj", "{F294D459-543D-4DAC-BD0C-2DBB603D532F}"
EndProject
Project("{FAE04EC0-301F-11D3-BF4B-00C04F79EFBC}") = "4", "4\4.csproj", "{A1815118-EE9B-4ED8-B2DB-A531924A7FDA}"
EndProject
Global
	GlobalSection(SolutionConfigurationPlatforms) = preSolution
		Debug|Any CPU = Debug|Any CPU
		Release|Any CPU = Release|Any CPU
	EndGlobalSection
	GlobalSection(ProjectConfigurationPlatforms) = postSolution
		{20549902-36E1-4AEF-AE44-87F7E53EA7BE}.Debug|Any CPU.ActiveCfg = Debug|Any CPU
		{20549902-36E1-4AEF-AE44-87F7E53EA7BE}.Debug|Any CPU.Build.0 = Debug|Any CPU
		{20549902-36E1-4AEF-AE44-87F7E53EA7BE}.Release|Any CPU.ActiveCfg = Release|Any CPU
		{20549902-36E1-4AEF-AE44-87F7E53EA7BE}.Release|Any CPU.Build.0 = Release|Any CPU
		{2D228CC3-AB70-4FB5-81B7-7AB5F803CF02}.Debug|Any CPU.ActiveCfg = Debug|Any CPU
		{2D228CC3-AB70-4FB5-81B7-7AB5F803CF02}.Debug|Any CPU.Build.0 = Debug|Any CPU
		{2D228CC3-AB70-4FB5-81B7-7AB5F803CF02}.Release|Any CPU.ActiveCfg = Release|Any CPU
		{2D228CC3-AB70-4FB5-81B7-7AB5F803CF02}.Release|Any CPU.Build.0 = Release|Any CPU
		{F294D459-543D-4DAC-BD0C-2DBB603D532F}.Debug|Any CPU.ActiveCfg = Debug|Any CPU
		{F294D459-543D-4DAC-BD0C-2DBB603D532F}.Debug|Any CPU.Build.0 = Debug|Any CPU
		{F294D459-543D-4DAC-BD0C-2DBB603D532F}.Release|Any CPU.ActiveCfg = Release|Any CPU
		{F294D459-543D-4DAC-BD0C-2DBB603D532F}.Release|Any CPU.Build.0 = Release|Any CPU
		{A1815118-EE9B-4ED8-B2DB-A531924A7FDA}.Debug|Any CPU.ActiveCfg = Debug|Any CPU
		{A1815118-EE9B-4ED8-B2DB-A531924A7FDA}.Debug|Any CPU.Build.0 = Debug|Any CPU
		{A1815118-EE9B-4ED8-B2DB-A531924A7FDA}.Release|Any CPU.ActiveCfg = Release|Any CPU
		{A1815118-EE9B-4ED8-B2DB-A531924A7FDA}.Release|Any CPU.Build.0 = Release|Any CPU
	EndGlobalSection
	GlobalSection(SolutionProperties) = preSolution
		HideSolutionNode = FALSE
	EndGlobalSection
	GlobalSection(ExtensibilityGlobals) = postSolution
		SolutionGuid = {2A143AD6-4840-4FC8-B37D-8AD2FC1D2A4B}
	EndGlobalSection
EndGlobal
